// !$*UTF8*$!
{
	archiveVersion = 1;
	classes = {
	};
	objectVersion = 50;
	objects = {

/* Begin PBXBuildFile section */
		2D23BA22264E32D2002A92F4 /* AppDelegate.swift in Sources */ = {isa = PBXBuildFile; fileRef = 2D23BA21264E32D2002A92F4 /* AppDelegate.swift */; };
		2D23BA24264E32D3002A92F4 /* SceneDelegate.swift in Sources */ = {isa = PBXBuildFile; fileRef = 2D23BA23264E32D3002A92F4 /* SceneDelegate.swift */; };
		2D23BA26264E32D3002A92F4 /* ViewController.swift in Sources */ = {isa = PBXBuildFile; fileRef = 2D23BA25264E32D3002A92F4 /* ViewController.swift */; };
		2D23BA29264E32D3002A92F4 /* Main.storyboard in Resources */ = {isa = PBXBuildFile; fileRef = 2D23BA27264E32D3002A92F4 /* Main.storyboard */; };
		2D23BA2B264E32D6002A92F4 /* Assets.xcassets in Resources */ = {isa = PBXBuildFile; fileRef = 2D23BA2A264E32D6002A92F4 /* Assets.xcassets */; };
		2D23BA2E264E32D6002A92F4 /* LaunchScreen.storyboard in Resources */ = {isa = PBXBuildFile; fileRef = 2D23BA2C264E32D6002A92F4 /* LaunchScreen.storyboard */; };
		2D23BA39264E32D7002A92F4 /* BarabaraGameTests.swift in Sources */ = {isa = PBXBuildFile; fileRef = 2D23BA38264E32D7002A92F4 /* BarabaraGameTests.swift */; };
		2D23BA44264E32D7002A92F4 /* BarabaraGameUITests.swift in Sources */ = {isa = PBXBuildFile; fileRef = 2D23BA43264E32D7002A92F4 /* BarabaraGameUITests.swift */; };
		2D23BA54264E38A9002A92F4 /* tail.png in Resources */ = {isa = PBXBuildFile; fileRef = 2D23BA52264E38A9002A92F4 /* tail.png */; };
		2D23BA55264E38A9002A92F4 /* bar.png in Resources */ = {isa = PBXBuildFile; fileRef = 2D23BA53264E38A9002A92F4 /* bar.png */; };
		2D23BA57264E4123002A92F4 /* GameViewController.swift in Sources */ = {isa = PBXBuildFile; fileRef = 2D23BA56264E4123002A92F4 /* GameViewController.swift */; };
		2D23BA59264E413A002A92F4 /* RankingViewController.swift in Sources */ = {isa = PBXBuildFile; fileRef = 2D23BA58264E413A002A92F4 /* RankingViewController.swift */; };
/* End PBXBuildFile section */

/* Begin PBXContainerItemProxy section */
		2D23BA35264E32D7002A92F4 /* PBXContainerItemProxy */ = {
			isa = PBXContainerItemProxy;
			containerPortal = 2D23BA16264E32D2002A92F4 /* Project object */;
			proxyType = 1;
			remoteGlobalIDString = 2D23BA1D264E32D2002A92F4;
			remoteInfo = BarabaraGame;
		};
		2D23BA40264E32D7002A92F4 /* PBXContainerItemProxy */ = {
			isa = PBXContainerItemProxy;
			containerPortal = 2D23BA16264E32D2002A92F4 /* Project object */;
			proxyType = 1;
			remoteGlobalIDString = 2D23BA1D264E32D2002A92F4;
			remoteInfo = BarabaraGame;
		};
/* End PBXContainerItemProxy section */

/* Begin PBXFileReference section */
		2D23BA1E264E32D2002A92F4 /* BarabaraGame.app */ = {isa = PBXFileReference; explicitFileType = wrapper.application; includeInIndex = 0; path = BarabaraGame.app; sourceTree = BUILT_PRODUCTS_DIR; };
		2D23BA21264E32D2002A92F4 /* AppDelegate.swift */ = {isa = PBXFileReference; lastKnownFileType = sourcecode.swift; path = AppDelegate.swift; sourceTree = "<group>"; };
		2D23BA23264E32D3002A92F4 /* SceneDelegate.swift */ = {isa = PBXFileReference; lastKnownFileType = sourcecode.swift; path = SceneDelegate.swift; sourceTree = "<group>"; };
		2D23BA25264E32D3002A92F4 /* ViewController.swift */ = {isa = PBXFileReference; lastKnownFileType = sourcecode.swift; path = ViewController.swift; sourceTree = "<group>"; };
		2D23BA28264E32D3002A92F4 /* Base */ = {isa = PBXFileReference; lastKnownFileType = file.storyboard; name = Base; path = Base.lproj/Main.storyboard; sourceTree = "<group>"; };
		2D23BA2A264E32D6002A92F4 /* Assets.xcassets */ = {isa = PBXFileReference; lastKnownFileType = folder.assetcatalog; path = Assets.xcassets; sourceTree = "<group>"; };
		2D23BA2D264E32D6002A92F4 /* Base */ = {isa = PBXFileReference; lastKnownFileType = file.storyboard; name = Base; path = Base.lproj/LaunchScreen.storyboard; sourceTree = "<group>"; };
		2D23BA2F264E32D6002A92F4 /* Info.plist */ = {isa = PBXFileReference; lastKnownFileType = text.plist.xml; path = Info.plist; sourceTree = "<group>"; };
		2D23BA34264E32D7002A92F4 /* BarabaraGameTests.xctest */ = {isa = PBXFileReference; explicitFileType = wrapper.cfbundle; includeInIndex = 0; path = BarabaraGameTests.xctest; sourceTree = BUILT_PRODUCTS_DIR; };
		2D23BA38264E32D7002A92F4 /* BarabaraGameTests.swift */ = {isa = PBXFileReference; lastKnownFileType = sourcecode.swift; path = BarabaraGameTests.swift; sourceTree = "<group>"; };
		2D23BA3A264E32D7002A92F4 /* Info.plist */ = {isa = PBXFileReference; lastKnownFileType = text.plist.xml; path = Info.plist; sourceTree = "<group>"; };
		2D23BA3F264E32D7002A92F4 /* BarabaraGameUITests.xctest */ = {isa = PBXFileReference; explicitFileType = wrapper.cfbundle; includeInIndex = 0; path = BarabaraGameUITests.xctest; sourceTree = BUILT_PRODUCTS_DIR; };
		2D23BA43264E32D7002A92F4 /* BarabaraGameUITests.swift */ = {isa = PBXFileReference; lastKnownFileType = sourcecode.swift; path = BarabaraGameUITests.swift; sourceTree = "<group>"; };
		2D23BA45264E32D7002A92F4 /* Info.plist */ = {isa = PBXFileReference; lastKnownFileType = text.plist.xml; path = Info.plist; sourceTree = "<group>"; };
		2D23BA52264E38A9002A92F4 /* tail.png */ = {isa = PBXFileReference; lastKnownFileType = image.png; path = tail.png; sourceTree = "<group>"; };
		2D23BA53264E38A9002A92F4 /* bar.png */ = {isa = PBXFileReference; lastKnownFileType = image.png; path = bar.png; sourceTree = "<group>"; };
		2D23BA56264E4123002A92F4 /* GameViewController.swift */ = {isa = PBXFileReference; lastKnownFileType = sourcecode.swift; path = GameViewController.swift; sourceTree = "<group>"; };
		2D23BA58264E413A002A92F4 /* RankingViewController.swift */ = {isa = PBXFileReference; lastKnownFileType = sourcecode.swift; path = RankingViewController.swift; sourceTree = "<group>"; };
/* End PBXFileReference section */

/* Begin PBXFrameworksBuildPhase section */
		2D23BA1B264E32D2002A92F4 /* Frameworks */ = {
			isa = PBXFrameworksBuildPhase;
			buildActionMask = 2147483647;
			files = (
			);
			runOnlyForDeploymentPostprocessing = 0;
		};
		2D23BA31264E32D7002A92F4 /* Frameworks */ = {
			isa = PBXFrameworksBuildPhase;
			buildActionMask = 2147483647;
			files = (
			);
			runOnlyForDeploymentPostprocessing = 0;
		};
		2D23BA3C264E32D7002A92F4 /* Frameworks */ = {
			isa = PBXFrameworksBuildPhase;
			buildActionMask = 2147483647;
			files = (
			);
			runOnlyForDeploymentPostprocessing = 0;
		};
/* End PBXFrameworksBuildPhase section */

/* Begin PBXGroup section */
		2D23BA15264E32D2002A92F4 = {
			isa = PBXGroup;
			children = (
				2D23BA20264E32D2002A92F4 /* BarabaraGame */,
				2D23BA37264E32D7002A92F4 /* BarabaraGameTests */,
				2D23BA42264E32D7002A92F4 /* BarabaraGameUITests */,
				2D23BA1F264E32D2002A92F4 /* Products */,
			);
			sourceTree = "<group>";
		};
		2D23BA1F264E32D2002A92F4 /* Products */ = {
			isa = PBXGroup;
			children = (
				2D23BA1E264E32D2002A92F4 /* BarabaraGame.app */,
				2D23BA34264E32D7002A92F4 /* BarabaraGameTests.xctest */,
				2D23BA3F264E32D7002A92F4 /* BarabaraGameUITests.xctest */,
			);
			name = Products;
			sourceTree = "<group>";
		};
		2D23BA20264E32D2002A92F4 /* BarabaraGame */ = {
			isa = PBXGroup;
			children = (
				2D23BA21264E32D2002A92F4 /* AppDelegate.swift */,
				2D23BA23264E32D3002A92F4 /* SceneDelegate.swift */,
				2D23BA25264E32D3002A92F4 /* ViewController.swift */,
				2D23BA27264E32D3002A92F4 /* Main.storyboard */,
				2D23BA2A264E32D6002A92F4 /* Assets.xcassets */,
				2D23BA51264E38A9002A92F4 /* Barabara素材 */,
				2D23BA2C264E32D6002A92F4 /* LaunchScreen.storyboard */,
				2D23BA2F264E32D6002A92F4 /* Info.plist */,
				2D23BA56264E4123002A92F4 /* GameViewController.swift */,
				2D23BA58264E413A002A92F4 /* RankingViewController.swift */,
			);
			path = BarabaraGame;
			sourceTree = "<group>";
		};
		2D23BA37264E32D7002A92F4 /* BarabaraGameTests */ = {
			isa = PBXGroup;
			children = (
				2D23BA38264E32D7002A92F4 /* BarabaraGameTests.swift */,
				2D23BA3A264E32D7002A92F4 /* Info.plist */,
			);
			path = BarabaraGameTests;
			sourceTree = "<group>";
		};
		2D23BA42264E32D7002A92F4 /* BarabaraGameUITests */ = {
			isa = PBXGroup;
			children = (
				2D23BA43264E32D7002A92F4 /* BarabaraGameUITests.swift */,
				2D23BA45264E32D7002A92F4 /* Info.plist */,
			);
			path = BarabaraGameUITests;
			sourceTree = "<group>";
		};
		2D23BA51264E38A9002A92F4 /* Barabara素材 */ = {
			isa = PBXGroup;
			children = (
				2D23BA52264E38A9002A92F4 /* tail.png */,
				2D23BA53264E38A9002A92F4 /* bar.png */,
			);
			path = "Barabara素材";
			sourceTree = "<group>";
		};
/* End PBXGroup section */

/* Begin PBXNativeTarget section */
		2D23BA1D264E32D2002A92F4 /* BarabaraGame */ = {
			isa = PBXNativeTarget;
			buildConfigurationList = 2D23BA48264E32D7002A92F4 /* Build configuration list for PBXNativeTarget "BarabaraGame" */;
			buildPhases = (
				2D23BA1A264E32D2002A92F4 /* Sources */,
				2D23BA1B264E32D2002A92F4 /* Frameworks */,
				2D23BA1C264E32D2002A92F4 /* Resources */,
			);
			buildRules = (
			);
			dependencies = (
			);
			name = BarabaraGame;
			productName = BarabaraGame;
			productReference = 2D23BA1E264E32D2002A92F4 /* BarabaraGame.app */;
			productType = "com.apple.product-type.application";
		};
		2D23BA33264E32D7002A92F4 /* BarabaraGameTests */ = {
			isa = PBXNativeTarget;
			buildConfigurationList = 2D23BA4B264E32D7002A92F4 /* Build configuration list for PBXNativeTarget "BarabaraGameTests" */;
			buildPhases = (
				2D23BA30264E32D7002A92F4 /* Sources */,
				2D23BA31264E32D7002A92F4 /* Frameworks */,
				2D23BA32264E32D7002A92F4 /* Resources */,
			);
			buildRules = (
			);
			dependencies = (
				2D23BA36264E32D7002A92F4 /* PBXTargetDependency */,
			);
			name = BarabaraGameTests;
			productName = BarabaraGameTests;
			productReference = 2D23BA34264E32D7002A92F4 /* BarabaraGameTests.xctest */;
			productType = "com.apple.product-type.bundle.unit-test";
		};
		2D23BA3E264E32D7002A92F4 /* BarabaraGameUITests */ = {
			isa = PBXNativeTarget;
			buildConfigurationList = 2D23BA4E264E32D7002A92F4 /* Build configuration list for PBXNativeTarget "BarabaraGameUITests" */;
			buildPhases = (
				2D23BA3B264E32D7002A92F4 /* Sources */,
				2D23BA3C264E32D7002A92F4 /* Frameworks */,
				2D23BA3D264E32D7002A92F4 /* Resources */,
			);
			buildRules = (
			);
			dependencies = (
				2D23BA41264E32D7002A92F4 /* PBXTargetDependency */,
			);
			name = BarabaraGameUITests;
			productName = BarabaraGameUITests;
			productReference = 2D23BA3F264E32D7002A92F4 /* BarabaraGameUITests.xctest */;
			productType = "com.apple.product-type.bundle.ui-testing";
		};
/* End PBXNativeTarget section */

/* Begin PBXProject section */
		2D23BA16264E32D2002A92F4 /* Project object */ = {
			isa = PBXProject;
			attributes = {
				LastSwiftUpdateCheck = 1250;
				LastUpgradeCheck = 1250;
				TargetAttributes = {
					2D23BA1D264E32D2002A92F4 = {
						CreatedOnToolsVersion = 12.5;
					};
					2D23BA33264E32D7002A92F4 = {
						CreatedOnToolsVersion = 12.5;
						TestTargetID = 2D23BA1D264E32D2002A92F4;
					};
					2D23BA3E264E32D7002A92F4 = {
						CreatedOnToolsVersion = 12.5;
						TestTargetID = 2D23BA1D264E32D2002A92F4;
					};
				};
			};
			buildConfigurationList = 2D23BA19264E32D2002A92F4 /* Build configuration list for PBXProject "BarabaraGame" */;
			compatibilityVersion = "Xcode 9.3";
			developmentRegion = en;
			hasScannedForEncodings = 0;
			knownRegions = (
				en,
				Base,
			);
			mainGroup = 2D23BA15264E32D2002A92F4;
			productRefGroup = 2D23BA1F264E32D2002A92F4 /* Products */;
			projectDirPath = "";
			projectRoot = "";
			targets = (
				2D23BA1D264E32D2002A92F4 /* BarabaraGame */,
				2D23BA33264E32D7002A92F4 /* BarabaraGameTests */,
				2D23BA3E264E32D7002A92F4 /* BarabaraGameUITests */,
			);
		};
/* End PBXProject section */

/* Begin PBXResourcesBuildPhase section */
		2D23BA1C264E32D2002A92F4 /* Resources */ = {
			isa = PBXResourcesBuildPhase;
			buildActionMask = 2147483647;
			files = (
				2D23BA2E264E32D6002A92F4 /* LaunchScreen.storyboard in Resources */,
				2D23BA55264E38A9002A92F4 /* bar.png in Resources */,
				2D23BA54264E38A9002A92F4 /* tail.png in Resources */,
				2D23BA2B264E32D6002A92F4 /* Assets.xcassets in Resources */,
				2D23BA29264E32D3002A92F4 /* Main.storyboard in Resources */,
			);
			runOnlyForDeploymentPostprocessing = 0;
		};
		2D23BA32264E32D7002A92F4 /* Resources */ = {
			isa = PBXResourcesBuildPhase;
			buildActionMask = 2147483647;
			files = (
			);
			runOnlyForDeploymentPostprocessing = 0;
		};
		2D23BA3D264E32D7002A92F4 /* Resources */ = {
			isa = PBXResourcesBuildPhase;
			buildActionMask = 2147483647;
			files = (
			);
			runOnlyForDeploymentPostprocessing = 0;
		};
/* End PBXResourcesBuildPhase section */

/* Begin PBXSourcesBuildPhase section */
		2D23BA1A264E32D2002A92F4 /* Sources */ = {
			isa = PBXSourcesBuildPhase;
			buildActionMask = 2147483647;
			files = (
				2D23BA59264E413A002A92F4 /* RankingViewController.swift in Sources */,
				2D23BA57264E4123002A92F4 /* GameViewController.swift in Sources */,
				2D23BA26264E32D3002A92F4 /* ViewController.swift in Sources */,
				2D23BA22264E32D2002A92F4 /* AppDelegate.swift in Sources */,
				2D23BA24264E32D3002A92F4 /* SceneDelegate.swift in Sources */,
			);
			runOnlyForDeploymentPostprocessing = 0;
		};
		2D23BA30264E32D7002A92F4 /* Sources */ = {
			isa = PBXSourcesBuildPhase;
			buildActionMask = 2147483647;
			files = (
				2D23BA39264E32D7002A92F4 /* BarabaraGameTests.swift in Sources */,
			);
			runOnlyForDeploymentPostprocessing = 0;
		};
		2D23BA3B264E32D7002A92F4 /* Sources */ = {
			isa = PBXSourcesBuildPhase;
			buildActionMask = 2147483647;
			files = (
				2D23BA44264E32D7002A92F4 /* BarabaraGameUITests.swift in Sources */,
			);
			runOnlyForDeploymentPostprocessing = 0;
		};
/* End PBXSourcesBuildPhase section */

/* Begin PBXTargetDependency section */
		2D23BA36264E32D7002A92F4 /* PBXTargetDependency */ = {
			isa = PBXTargetDependency;
			target = 2D23BA1D264E32D2002A92F4 /* BarabaraGame */;
			targetProxy = 2D23BA35264E32D7002A92F4 /* PBXContainerItemProxy */;
		};
		2D23BA41264E32D7002A92F4 /* PBXTargetDependency */ = {
			isa = PBXTargetDependency;
			target = 2D23BA1D264E32D2002A92F4 /* BarabaraGame */;
			targetProxy = 2D23BA40264E32D7002A92F4 /* PBXContainerItemProxy */;
		};
/* End PBXTargetDependency section */

/* Begin PBXVariantGroup section */
		2D23BA27264E32D3002A92F4 /* Main.storyboard */ = {
			isa = PBXVariantGroup;
			children = (
				2D23BA28264E32D3002A92F4 /* Base */,
			);
			name = Main.storyboard;
			sourceTree = "<group>";
		};
		2D23BA2C264E32D6002A92F4 /* LaunchScreen.storyboard */ = {
			isa = PBXVariantGroup;
			children = (
				2D23BA2D264E32D6002A92F4 /* Base */,
			);
			name = LaunchScreen.storyboard;
			sourceTree = "<group>";
		};
/* End PBXVariantGroup section */

/* Begin XCBuildConfiguration section */
		2D23BA46264E32D7002A92F4 /* Debug */ = {
			isa = XCBuildConfiguration;
			buildSettings = {
				ALWAYS_SEARCH_USER_PATHS = NO;
				CLANG_ANALYZER_NONNULL = YES;
				CLANG_ANALYZER_NUMBER_OBJECT_CONVERSION = YES_AGGRESSIVE;
				CLANG_CXX_LANGUAGE_STANDARD = "gnu++14";
				CLANG_CXX_LIBRARY = "libc++";
				CLANG_ENABLE_MODULES = YES;
				CLANG_ENABLE_OBJC_ARC = YES;
				CLANG_ENABLE_OBJC_WEAK = YES;
				CLANG_WARN_BLOCK_CAPTURE_AUTORELEASING = YES;
				CLANG_WARN_BOOL_CONVERSION = YES;
				CLANG_WARN_COMMA = YES;
				CLANG_WARN_CONSTANT_CONVERSION = YES;
				CLANG_WARN_DEPRECATED_OBJC_IMPLEMENTATIONS = YES;
				CLANG_WARN_DIRECT_OBJC_ISA_USAGE = YES_ERROR;
				CLANG_WARN_DOCUMENTATION_COMMENTS = YES;
				CLANG_WARN_EMPTY_BODY = YES;
				CLANG_WARN_ENUM_CONVERSION = YES;
				CLANG_WARN_INFINITE_RECURSION = YES;
				CLANG_WARN_INT_CONVERSION = YES;
				CLANG_WARN_NON_LITERAL_NULL_CONVERSION = YES;
				CLANG_WARN_OBJC_IMPLICIT_RETAIN_SELF = YES;
				CLANG_WARN_OBJC_LITERAL_CONVERSION = YES;
				CLANG_WARN_OBJC_ROOT_CLASS = YES_ERROR;
				CLANG_WARN_QUOTED_INCLUDE_IN_FRAMEWORK_HEADER = YES;
				CLANG_WARN_RANGE_LOOP_ANALYSIS = YES;
				CLANG_WARN_STRICT_PROTOTYPES = YES;
				CLANG_WARN_SUSPICIOUS_MOVE = YES;
				CLANG_WARN_UNGUARDED_AVAILABILITY = YES_AGGRESSIVE;
				CLANG_WARN_UNREACHABLE_CODE = YES;
				CLANG_WARN__DUPLICATE_METHOD_MATCH = YES;
				COPY_PHASE_STRIP = NO;
				DEBUG_INFORMATION_FORMAT = dwarf;
				ENABLE_STRICT_OBJC_MSGSEND = YES;
				ENABLE_TESTABILITY = YES;
				GCC_C_LANGUAGE_STANDARD = gnu11;
				GCC_DYNAMIC_NO_PIC = NO;
				GCC_NO_COMMON_BLOCKS = YES;
				GCC_OPTIMIZATION_LEVEL = 0;
				GCC_PREPROCESSOR_DEFINITIONS = (
					"DEBUG=1",
					"$(inherited)",
				);
				GCC_WARN_64_TO_32_BIT_CONVERSION = YES;
				GCC_WARN_ABOUT_RETURN_TYPE = YES_ERROR;
				GCC_WARN_UNDECLARED_SELECTOR = YES;
				GCC_WARN_UNINITIALIZED_AUTOS = YES_AGGRESSIVE;
				GCC_WARN_UNUSED_FUNCTION = YES;
				GCC_WARN_UNUSED_VARIABLE = YES;
				IPHONEOS_DEPLOYMENT_TARGET = 14.5;
				MTL_ENABLE_DEBUG_INFO = INCLUDE_SOURCE;
				MTL_FAST_MATH = YES;
				ONLY_ACTIVE_ARCH = YES;
				SDKROOT = iphoneos;
				SWIFT_ACTIVE_COMPILATION_CONDITIONS = DEBUG;
				SWIFT_OPTIMIZATION_LEVEL = "-Onone";
			};
			name = Debug;
		};
		2D23BA47264E32D7002A92F4 /* Release */ = {
			isa = XCBuildConfiguration;
			buildSettings = {
				ALWAYS_SEARCH_USER_PATHS = NO;
				CLANG_ANALYZER_NONNULL = YES;
				CLANG_ANALYZER_NUMBER_OBJECT_CONVERSION = YES_AGGRESSIVE;
				CLANG_CXX_LANGUAGE_STANDARD = "gnu++14";
				CLANG_CXX_LIBRARY = "libc++";
				CLANG_ENABLE_MODULES = YES;
				CLANG_ENABLE_OBJC_ARC = YES;
				CLANG_ENABLE_OBJC_WEAK = YES;
				CLANG_WARN_BLOCK_CAPTURE_AUTORELEASING = YES;
				CLANG_WARN_BOOL_CONVERSION = YES;
				CLANG_WARN_COMMA = YES;
				CLANG_WARN_CONSTANT_CONVERSION = YES;
				CLANG_WARN_DEPRECATED_OBJC_IMPLEMENTATIONS = YES;
				CLANG_WARN_DIRECT_OBJC_ISA_USAGE = YES_ERROR;
				CLANG_WARN_DOCUMENTATION_COMMENTS = YES;
				CLANG_WARN_EMPTY_BODY = YES;
				CLANG_WARN_ENUM_CONVERSION = YES;
				CLANG_WARN_INFINITE_RECURSION = YES;
				CLANG_WARN_INT_CONVERSION = YES;
				CLANG_WARN_NON_LITERAL_NULL_CONVERSION = YES;
				CLANG_WARN_OBJC_IMPLICIT_RETAIN_SELF = YES;
				CLANG_WARN_OBJC_LITERAL_CONVERSION = YES;
				CLANG_WARN_OBJC_ROOT_CLASS = YES_ERROR;
				CLANG_WARN_QUOTED_INCLUDE_IN_FRAMEWORK_HEADER = YES;
				CLANG_WARN_RANGE_LOOP_ANALYSIS = YES;
				CLANG_WARN_STRICT_PROTOTYPES = YES;
				CLANG_WARN_SUSPICIOUS_MOVE = YES;
				CLANG_WARN_UNGUARDED_AVAILABILITY = YES_AGGRESSIVE;
				CLANG_WARN_UNREACHABLE_CODE = YES;
				CLANG_WARN__DUPLICATE_METHOD_MATCH = YES;
				COPY_PHASE_STRIP = NO;
				DEBUG_INFORMATION_FORMAT = "dwarf-with-dsym";
				ENABLE_NS_ASSERTIONS = NO;
				ENABLE_STRICT_OBJC_MSGSEND = YES;
				GCC_C_LANGUAGE_STANDARD = gnu11;
				GCC_NO_COMMON_BLOCKS = YES;
				GCC_WARN_64_TO_32_BIT_CONVERSION = YES;
				GCC_WARN_ABOUT_RETURN_TYPE = YES_ERROR;
				GCC_WARN_UNDECLARED_SELECTOR = YES;
				GCC_WARN_UNINITIALIZED_AUTOS = YES_AGGRESSIVE;
				GCC_WARN_UNUSED_FUNCTION = YES;
				GCC_WARN_UNUSED_VARIABLE = YES;
				IPHONEOS_DEPLOYMENT_TARGET = 14.5;
				MTL_ENABLE_DEBUG_INFO = NO;
				MTL_FAST_MATH = YES;
				SDKROOT = iphoneos;
				SWIFT_COMPILATION_MODE = wholemodule;
				SWIFT_OPTIMIZATION_LEVEL = "-O";
				VALIDATE_PRODUCT = YES;
			};
			name = Release;
		};
		2D23BA49264E32D7002A92F4 /* Debug */ = {
			isa = XCBuildConfiguration;
			buildSettings = {
				ASSETCATALOG_COMPILER_APPICON_NAME = AppIcon;
				ASSETCATALOG_COMPILER_GLOBAL_ACCENT_COLOR_NAME = AccentColor;
				CODE_SIGN_STYLE = Automatic;
				INFOPLIST_FILE = BarabaraGame/Info.plist;
				IPHONEOS_DEPLOYMENT_TARGET = 14.1;
				LD_RUNPATH_SEARCH_PATHS = (
					"$(inherited)",
					"@executable_path/Frameworks",
				);
				PRODUCT_BUNDLE_IDENTIFIER = app.igeta.igechan.BarabaraGame;
				PRODUCT_NAME = "$(TARGET_NAME)";
				SWIFT_VERSION = 5.0;
				TARGETED_DEVICE_FAMILY = "1,2";
			};
			name = Debug;
		};
		2D23BA4A264E32D7002A92F4 /* Release */ = {
			isa = XCBuildConfiguration;
			buildSettings = {
				ASSETCATALOG_COMPILER_APPICON_NAME = AppIcon;
				ASSETCATALOG_COMPILER_GLOBAL_ACCENT_COLOR_NAME = AccentColor;
				CODE_SIGN_STYLE = Automatic;
				INFOPLIST_FILE = BarabaraGame/Info.plist;
				IPHONEOS_DEPLOYMENT_TARGET = 14.1;
				LD_RUNPATH_SEARCH_PATHS = (
					"$(inherited)",
					"@executable_path/Frameworks",
				);
				PRODUCT_BUNDLE_IDENTIFIER = app.igeta.igechan.BarabaraGame;
				PRODUCT_NAME = "$(TARGET_NAME)";
				SWIFT_VERSION = 5.0;
				TARGETED_DEVICE_FAMILY = "1,2";
			};
			name = Release;
		};
		2D23BA4C264E32D7002A92F4 /* Debug */ = {
			isa = XCBuildConfiguration;
			buildSettings = {
				ALWAYS_EMBED_SWIFT_STANDARD_LIBRARIES = YES;
				BUNDLE_LOADER = "$(TEST_HOST)";
				CODE_SIGN_STYLE = Automatic;
				INFOPLIST_FILE = BarabaraGameTests/Info.plist;
				IPHONEOS_DEPLOYMENT_TARGET = 14.5;
				LD_RUNPATH_SEARCH_PATHS = (
					"$(inherited)",
					"@executable_path/Frameworks",
					"@loader_path/Frameworks",
				);
				PRODUCT_BUNDLE_IDENTIFIER = app.igeta.igechan.BarabaraGameTests;
				PRODUCT_NAME = "$(TARGET_NAME)";
				SWIFT_VERSION = 5.0;
				TARGETED_DEVICE_FAMILY = "1,2";
				TEST_HOST = "$(BUILT_PRODUCTS_DIR)/BarabaraGame.app/BarabaraGame";
			};
			name = Debug;
		};
		2D23BA4D264E32D7002A92F4 /* Release */ = {
			isa = XCBuildConfiguration;
			buildSettings = {
				ALWAYS_EMBED_SWIFT_STANDARD_LIBRARIES = YES;
				BUNDLE_LOADER = "$(TEST_HOST)";
				CODE_SIGN_STYLE = Automatic;
				INFOPLIST_FILE = BarabaraGameTests/Info.plist;
				IPHONEOS_DEPLOYMENT_TARGET = 14.5;
				LD_RUNPATH_SEARCH_PATHS = (
					"$(inherited)",
					"@executable_path/Frameworks",
					"@loader_path/Frameworks",
				);
				PRODUCT_BUNDLE_IDENTIFIER = app.igeta.igechan.BarabaraGameTests;
				PRODUCT_NAME = "$(TARGET_NAME)";
				SWIFT_VERSION = 5.0;
				TARGETED_DEVICE_FAMILY = "1,2";
				TEST_HOST = "$(BUILT_PRODUCTS_DIR)/BarabaraGame.app/BarabaraGame";
			};
			name = Release;
		};
		2D23BA4F264E32D7002A92F4 /* Debug */ = {
			isa = XCBuildConfiguration;
			buildSettings = {
				ALWAYS_EMBED_SWIFT_STANDARD_LIBRARIES = YES;
				CODE_SIGN_STYLE = Automatic;
				INFOPLIST_FILE = BarabaraGameUITests/Info.plist;
				LD_RUNPATH_SEARCH_PATHS = (
					"$(inherited)",
					"@executable_path/Frameworks",
					"@loader_path/Frameworks",
				);
				PRODUCT_BUNDLE_IDENTIFIER = app.igeta.igechan.BarabaraGameUITests;
				PRODUCT_NAME = "$(TARGET_NAME)";
				SWIFT_VERSION = 5.0;
				TARGETED_DEVICE_FAMILY = "1,2";
				TEST_TARGET_NAME = BarabaraGame;
			};
			name = Debug;
		};
		2D23BA50264E32D7002A92F4 /* Release */ = {
			isa = XCBuildConfiguration;
			buildSettings = {
				ALWAYS_EMBED_SWIFT_STANDARD_LIBRARIES = YES;
				CODE_SIGN_STYLE = Automatic;
				INFOPLIST_FILE = BarabaraGameUITests/Info.plist;
				LD_RUNPATH_SEARCH_PATHS = (
					"$(inherited)",
					"@executable_path/Frameworks",
					"@loader_path/Frameworks",
				);
				PRODUCT_BUNDLE_IDENTIFIER = app.igeta.igechan.BarabaraGameUITests;
				PRODUCT_NAME = "$(TARGET_NAME)";
				SWIFT_VERSION = 5.0;
				TARGETED_DEVICE_FAMILY = "1,2";
				TEST_TARGET_NAME = BarabaraGame;
			};
			name = Release;
		};
/* End XCBuildConfiguration section */

/* Begin XCConfigurationList section */
		2D23BA19264E32D2002A92F4 /* Build configuration list for PBXProject "BarabaraGame" */ = {
			isa = XCConfigurationList;
			buildConfigurations = (
				2D23BA46264E32D7002A92F4 /* Debug */,
				2D23BA47264E32D7002A92F4 /* Release */,
			);
			defaultConfigurationIsVisible = 0;
			defaultConfigurationName = Release;
		};
		2D23BA48264E32D7002A92F4 /* Build configuration list for PBXNativeTarget "BarabaraGame" */ = {
			isa = XCConfigurationList;
			buildConfigurations = (
				2D23BA49264E32D7002A92F4 /* Debug */,
				2D23BA4A264E32D7002A92F4 /* Release */,
			);
			defaultConfigurationIsVisible = 0;
			defaultConfigurationName = Release;
		};
		2D23BA4B264E32D7002A92F4 /* Build configuration list for PBXNativeTarget "BarabaraGameTests" */ = {
			isa = XCConfigurationList;
			buildConfigurations = (
				2D23BA4C264E32D7002A92F4 /* Debug */,
				2D23BA4D264E32D7002A92F4 /* Release */,
			);
			defaultConfigurationIsVisible = 0;
			defaultConfigurationName = Release;
		};
		2D23BA4E264E32D7002A92F4 /* Build configuration list for PBXNativeTarget "BarabaraGameUITests" */ = {
			isa = XCConfigurationList;
			buildConfigurations = (
				2D23BA4F264E32D7002A92F4 /* Debug */,
				2D23BA50264E32D7002A92F4 /* Release */,
			);
			defaultConfigurationIsVisible = 0;
			defaultConfigurationName = Release;
		};
/* End XCConfigurationList section */
	};
	rootObject = 2D23BA16264E32D2002A92F4 /* Project object */;
}
